
Microsoft Visual Studio Solution File, Format Version 12.00
# Visual Studio Version 16
VisualStudioVersion = 16.0.30114.105
MinimumVisualStudioVersion = 10.0.40219.1
Project("{FAE04EC0-301F-11D3-BF4B-00C04F79EFBC}") = "Dominio", "Dominio\Dominio.csproj", "{545F3D2B-9E49-4349-BB86-44078CB355F1}"
EndProject
Project("{FAE04EC0-301F-11D3-BF4B-00C04F79EFBC}") = "Aplicacion", "Aplicacion\Aplicacion.csproj", "{960D2817-9456-469F-AD05-0619BF7F54EE}"
EndProject
Project("{FAE04EC0-301F-11D3-BF4B-00C04F79EFBC}") = "Persistencia", "Persistencia\Persistencia.csproj", "{6342FB1B-F118-4532-9EB6-85405542E6E1}"
EndProject
Project("{FAE04EC0-301F-11D3-BF4B-00C04F79EFBC}") = "WebApi", "WebApi\WebApi.csproj", "{298058B7-4FEF-4476-AF1C-15D3249DF35C}"
EndProject
Project("{FAE04EC0-301F-11D3-BF4B-00C04F79EFBC}") = "Seguridad", "Seguridad\Seguridad.csproj", "{79AFDE3D-60F1-439A-A127-66160680A564}"
EndProject
Global
	GlobalSection(SolutionConfigurationPlatforms) = preSolution
		Debug|Any CPU = Debug|Any CPU
		Release|Any CPU = Release|Any CPU
	EndGlobalSection
	GlobalSection(SolutionProperties) = preSolution
		HideSolutionNode = FALSE
	EndGlobalSection
	GlobalSection(ProjectConfigurationPlatforms) = postSolution
		{545F3D2B-9E49-4349-BB86-44078CB355F1}.Debug|Any CPU.ActiveCfg = Debug|Any CPU
		{545F3D2B-9E49-4349-BB86-44078CB355F1}.Debug|Any CPU.Build.0 = Debug|Any CPU
		{545F3D2B-9E49-4349-BB86-44078CB355F1}.Release|Any CPU.ActiveCfg = Release|Any CPU
		{545F3D2B-9E49-4349-BB86-44078CB355F1}.Release|Any CPU.Build.0 = Release|Any CPU
		{960D2817-9456-469F-AD05-0619BF7F54EE}.Debug|Any CPU.ActiveCfg = Debug|Any CPU
		{960D2817-9456-469F-AD05-0619BF7F54EE}.Debug|Any CPU.Build.0 = Debug|Any CPU
		{960D2817-9456-469F-AD05-0619BF7F54EE}.Release|Any CPU.ActiveCfg = Release|Any CPU
		{960D2817-9456-469F-AD05-0619BF7F54EE}.Release|Any CPU.Build.0 = Release|Any CPU
		{6342FB1B-F118-4532-9EB6-85405542E6E1}.Debug|Any CPU.ActiveCfg = Debug|Any CPU
		{6342FB1B-F118-4532-9EB6-85405542E6E1}.Debug|Any CPU.Build.0 = Debug|Any CPU
		{6342FB1B-F118-4532-9EB6-85405542E6E1}.Release|Any CPU.ActiveCfg = Release|Any CPU
		{6342FB1B-F118-4532-9EB6-85405542E6E1}.Release|Any CPU.Build.0 = Release|Any CPU
		{298058B7-4FEF-4476-AF1C-15D3249DF35C}.Debug|Any CPU.ActiveCfg = Debug|Any CPU
		{298058B7-4FEF-4476-AF1C-15D3249DF35C}.Debug|Any CPU.Build.0 = Debug|Any CPU
		{298058B7-4FEF-4476-AF1C-15D3249DF35C}.Release|Any CPU.ActiveCfg = Release|Any CPU
		{298058B7-4FEF-4476-AF1C-15D3249DF35C}.Release|Any CPU.Build.0 = Release|Any CPU
		{79AFDE3D-60F1-439A-A127-66160680A564}.Debug|Any CPU.ActiveCfg = Debug|Any CPU
		{79AFDE3D-60F1-439A-A127-66160680A564}.Debug|Any CPU.Build.0 = Debug|Any CPU
		{79AFDE3D-60F1-439A-A127-66160680A564}.Release|Any CPU.ActiveCfg = Release|Any CPU
		{79AFDE3D-60F1-439A-A127-66160680A564}.Release|Any CPU.Build.0 = Release|Any CPU
	EndGlobalSection
EndGlobal
